
Microsoft Visual Studio Solution File, Format Version 12.00
# Visual Studio Version 16
VisualStudioVersion = 16.0.30523.141
MinimumVisualStudioVersion = 10.0.40219.1
Project("{FAE04EC0-301F-11D3-BF4B-00C04F79EFBC}") = "Web_Push_Management", "Web_Push_Management\Web_Push_Management.csproj", "{A2B689B9-C860-4991-A72D-DB624A91D0DC}"
EndProject
Project("{FAE04EC0-301F-11D3-BF4B-00C04F79EFBC}") = "WebAPI_Push", "..\WebAPI_Push\WebAPI_Push\WebAPI_Push.csproj", "{1E7E4CA2-94D0-428E-8175-1F3F8C08C54C}"
EndProject
Global
	GlobalSection(SolutionConfigurationPlatforms) = preSolution
		Debug|Any CPU = Debug|Any CPU
		Release|Any CPU = Release|Any CPU
	EndGlobalSection
	GlobalSection(ProjectConfigurationPlatforms) = postSolution
		{A2B689B9-C860-4991-A72D-DB624A91D0DC}.Debug|Any CPU.ActiveCfg = Debug|Any CPU
		{A2B689B9-C860-4991-A72D-DB624A91D0DC}.Debug|Any CPU.Build.0 = Debug|Any CPU
		{A2B689B9-C860-4991-A72D-DB624A91D0DC}.Release|Any CPU.ActiveCfg = Release|Any CPU
		{A2B689B9-C860-4991-A72D-DB624A91D0DC}.Release|Any CPU.Build.0 = Release|Any CPU
		{1E7E4CA2-94D0-428E-8175-1F3F8C08C54C}.Debug|Any CPU.ActiveCfg = Debug|Any CPU
		{1E7E4CA2-94D0-428E-8175-1F3F8C08C54C}.Debug|Any CPU.Build.0 = Debug|Any CPU
		{1E7E4CA2-94D0-428E-8175-1F3F8C08C54C}.Release|Any CPU.ActiveCfg = Release|Any CPU
		{1E7E4CA2-94D0-428E-8175-1F3F8C08C54C}.Release|Any CPU.Build.0 = Release|Any CPU
	EndGlobalSection
	GlobalSection(SolutionProperties) = preSolution
		HideSolutionNode = FALSE
	EndGlobalSection
	GlobalSection(ExtensibilityGlobals) = postSolution
		SolutionGuid = {2325A422-1352-4E44-824A-2CDF47F8D4F5}
	EndGlobalSection
EndGlobal
