
Microsoft Visual Studio Solution File, Format Version 12.00
# Visual Studio 15
VisualStudioVersion = 15.0.28307.1000
MinimumVisualStudioVersion = 10.0.40219.1
Project("{FAE04EC0-301F-11D3-BF4B-00C04F79EFBC}") = "Push_Notification_System", "Push_Notification_System\Push_Notification_System.csproj", "{BC276346-0D8F-4B86-BB75-196B1EA35D0C}"
EndProject
Global
	GlobalSection(SolutionConfigurationPlatforms) = preSolution
		Debug|Any CPU = Debug|Any CPU
		Release|Any CPU = Release|Any CPU
	EndGlobalSection
	GlobalSection(ProjectConfigurationPlatforms) = postSolution
		{BC276346-0D8F-4B86-BB75-196B1EA35D0C}.Debug|Any CPU.ActiveCfg = Debug|Any CPU
		{BC276346-0D8F-4B86-BB75-196B1EA35D0C}.Debug|Any CPU.Build.0 = Debug|Any CPU
		{BC276346-0D8F-4B86-BB75-196B1EA35D0C}.Release|Any CPU.ActiveCfg = Release|Any CPU
		{BC276346-0D8F-4B86-BB75-196B1EA35D0C}.Release|Any CPU.Build.0 = Release|Any CPU
	EndGlobalSection
	GlobalSection(SolutionProperties) = preSolution
		HideSolutionNode = FALSE
	EndGlobalSection
	GlobalSection(ExtensibilityGlobals) = postSolution
		SolutionGuid = {0C864A7D-2E51-4550-9B49-66F0E9202F2F}
	EndGlobalSection
EndGlobal
